
Microsoft Visual Studio Solution File, Format Version 12.00
# Visual Studio 15
VisualStudioVersion = 15.0.27703.2026
MinimumVisualStudioVersion = 10.0.40219.1
Project("{FAE04EC0-301F-11D3-BF4B-00C04F79EFBC}") = "NBitcoinTest", "NBitcoinTest\NBitcoinTest.csproj", "{974DFAB0-13B5-4470-AD69-DF39BA8D678C}"
EndProject
Global
	GlobalSection(SolutionConfigurationPlatforms) = preSolution
		Debug|Any CPU = Debug|Any CPU
		Release|Any CPU = Release|Any CPU
	EndGlobalSection
	GlobalSection(ProjectConfigurationPlatforms) = postSolution
		{974DFAB0-13B5-4470-AD69-DF39BA8D678C}.Debug|Any CPU.ActiveCfg = Debug|Any CPU
		{974DFAB0-13B5-4470-AD69-DF39BA8D678C}.Debug|Any CPU.Build.0 = Debug|Any CPU
		{974DFAB0-13B5-4470-AD69-DF39BA8D678C}.Release|Any CPU.ActiveCfg = Release|Any CPU
		{974DFAB0-13B5-4470-AD69-DF39BA8D678C}.Release|Any CPU.Build.0 = Release|Any CPU
	EndGlobalSection
	GlobalSection(SolutionProperties) = preSolution
		HideSolutionNode = FALSE
	EndGlobalSection
	GlobalSection(ExtensibilityGlobals) = postSolution
		SolutionGuid = {370EC9BC-155E-4CDE-9181-5B3D3929AF37}
	EndGlobalSection
EndGlobal
